
Microsoft Visual Studio Solution File, Format Version 12.00
# Visual Studio 14
VisualStudioVersion = 14.0.25420.1
MinimumVisualStudioVersion = 10.0.40219.1
Project("{2150E333-8FDC-42A3-9474-1A3956D46DE8}") = "src", "src", "{E6CC6ED0-90EF-4137-BE64-6A57BE35A006}"
EndProject
Project("{2150E333-8FDC-42A3-9474-1A3956D46DE8}") = "Solution Items", "Solution Items", "{23601076-CF43-473A-999C-F753BB4C57E6}"
	ProjectSection(SolutionItems) = preProject
		global.json = global.json
	EndProjectSection
EndProject
Project("{8BB2217D-0F2D-49D1-97BC-3654ED321F3B}") = "ronan", "src\TWBS\ronan.xproj", "{5B2B822D-4F6E-4DF5-963E-5A5E8A951875}"
EndProject
Global
	GlobalSection(SolutionConfigurationPlatforms) = preSolution
		Debug|Any CPU = Debug|Any CPU
		Release|Any CPU = Release|Any CPU
	EndGlobalSection
	GlobalSection(ProjectConfigurationPlatforms) = postSolution
		{5B2B822D-4F6E-4DF5-963E-5A5E8A951875}.Debug|Any CPU.ActiveCfg = Debug|Any CPU
		{5B2B822D-4F6E-4DF5-963E-5A5E8A951875}.Debug|Any CPU.Build.0 = Debug|Any CPU
		{5B2B822D-4F6E-4DF5-963E-5A5E8A951875}.Release|Any CPU.ActiveCfg = Release|Any CPU
		{5B2B822D-4F6E-4DF5-963E-5A5E8A951875}.Release|Any CPU.Build.0 = Release|Any CPU
	EndGlobalSection
	GlobalSection(SolutionProperties) = preSolution
		HideSolutionNode = FALSE
	EndGlobalSection
	GlobalSection(NestedProjects) = preSolution
		{5B2B822D-4F6E-4DF5-963E-5A5E8A951875} = {E6CC6ED0-90EF-4137-BE64-6A57BE35A006}
	EndGlobalSection
EndGlobal
